<?xml version="1.0" encoding="UTF-8"?>
<Scheme
   version = "1.3">
   <BuildAction>
      <BuildActionEntries>
         <BuildActionEntry
            buildForRunning = "YES">
            <BuildableReference
               BuildableIdentifier = "primary"
               BlueprintIdentifier = "B576439E21A66A0600A54FC8"
               BuildableName = "ZGestureRecogniser.app"
               BlueprintName = "ZGestureRecogniser"
               ReferencedContainer = "container:ZGestureRecogniser.xcodeproj">
            </BuildableReference>
         </BuildActionEntry>
      </BuildActionEntries>
   </BuildAction>
   <LaunchAction
      useCustomWorkingDirectory = "NO"
      buildConfiguration = "Debug">
      <BuildableProductRunnable>
         <BuildableReference
            BuildableIdentifier = "primary"
            BlueprintIdentifier = "B576439E21A66A0600A54FC8"
            BuildableName = "ZGestureRecogniser.app"
            BlueprintName = "ZGestureRecogniser"
            ReferencedContainer = "container:ZGestureRecogniser.xcodeproj">
         </BuildableReference>
      </BuildableProductRunnable>
   </LaunchAction>
</Scheme>
